
Microsoft Visual Studio Solution File, Format Version 12.00
# Visual Studio Version 16
VisualStudioVersion = 16.0.32126.315
MinimumVisualStudioVersion = 10.0.40219.1
Project("{8BC9CEB8-8B4A-11D0-8D11-00A0C91BC942}") = "Revesli_Chapter_12_OOP_TestEnd", "Revesli_Chapter_12_OOP_TestEnd\Revesli_Chapter_12_OOP_TestEnd.vcxproj", "{912337EA-0AB1-4C2D-862B-35BD07129232}"
EndProject
Global
	GlobalSection(SolutionConfigurationPlatforms) = preSolution
		Debug|x64 = Debug|x64
		Debug|x86 = Debug|x86
		Release|x64 = Release|x64
		Release|x86 = Release|x86
	EndGlobalSection
	GlobalSection(ProjectConfigurationPlatforms) = postSolution
		{912337EA-0AB1-4C2D-862B-35BD07129232}.Debug|x64.ActiveCfg = Debug|x64
		{912337EA-0AB1-4C2D-862B-35BD07129232}.Debug|x64.Build.0 = Debug|x64
		{912337EA-0AB1-4C2D-862B-35BD07129232}.Debug|x86.ActiveCfg = Debug|Win32
		{912337EA-0AB1-4C2D-862B-35BD07129232}.Debug|x86.Build.0 = Debug|Win32
		{912337EA-0AB1-4C2D-862B-35BD07129232}.Release|x64.ActiveCfg = Release|x64
		{912337EA-0AB1-4C2D-862B-35BD07129232}.Release|x64.Build.0 = Release|x64
		{912337EA-0AB1-4C2D-862B-35BD07129232}.Release|x86.ActiveCfg = Release|Win32
		{912337EA-0AB1-4C2D-862B-35BD07129232}.Release|x86.Build.0 = Release|Win32
	EndGlobalSection
	GlobalSection(SolutionProperties) = preSolution
		HideSolutionNode = FALSE
	EndGlobalSection
	GlobalSection(ExtensibilityGlobals) = postSolution
		SolutionGuid = {6B3CB2CE-AC7A-480F-97FC-2546ED296286}
	EndGlobalSection
EndGlobal
